<?xml version="1.0" encoding="utf-8"?>
<Project ToolsVersion="4.0" xmlns="http://schemas.microsoft.com/developer/msbuild/2003">
  <ItemGroup>
    <Filter Include="源文件">
      <UniqueIdentifier>{4FC737F1-C7A5-4376-A066-2A32D752A2FF}</UniqueIdentifier>
      <Extensions>cpp;c;cc;cxx;def;odl;idl;hpj;bat;asm;asmx</Extensions>
    </Filter>
    <Filter Include="头文件">
      <UniqueIdentifier>{93995380-89BD-4b04-88EB-625FBE52EBFB}</UniqueIdentifier>
      <Extensions>h;hpp;hxx;hm;inl;inc;xsd</Extensions>
    </Filter>
    <Filter Include="资源文件">
      <UniqueIdentifier>{67DA6AB6-F800-4c08-8B7A-83BB121AAD01}</UniqueIdentifier>
      <Extensions>rc;ico;cur;bmp;dlg;rc2;rct;bin;rgs;gif;jpg;jpeg;jpe;resx;tiff;tif;png;wav;mfcribbon-ms</Extensions>
    </Filter>
    <Filter Include="osd">
      <UniqueIdentifier>{7f53abdb-35d5-479d-8c98-84c04a46917e}</UniqueIdentifier>
    </Filter>
    <Filter Include="osd\src">
      <UniqueIdentifier>{f04a5c49-6162-4835-ae74-3a7b7d9ea172}</UniqueIdentifier>
    </Filter>
    <Filter Include="osd\include">
      <UniqueIdentifier>{f4136328-e121-4ac4-a2dc-d8326a820037}</UniqueIdentifier>
    </Filter>
    <Filter Include="proc">
      <UniqueIdentifier>{64afd97a-fcbd-45bc-b07b-4d486c5750c1}</UniqueIdentifier>
    </Filter>
  </ItemGroup>
  <ItemGroup>
    <None Include="ReadMe.txt" />
    <None Include="small.ico">
      <Filter>资源文件</Filter>
    </None>
    <None Include="OSDSimulator.ico">
      <Filter>资源文件</Filter>
    </None>
  </ItemGroup>
  <ItemGroup>
    <ClInclude Include="stdafx.h">
      <Filter>头文件</Filter>
    </ClInclude>
    <ClInclude Include="targetver.h">
      <Filter>头文件</Filter>
    </ClInclude>
    <ClInclude Include="Resource.h">
      <Filter>头文件</Filter>
    </ClInclude>
    <ClInclude Include="OSDSimulator.h">
      <Filter>头文件</Filter>
    </ClInclude>
    <ClInclude Include="..\osd\include\osd_binary.h">
      <Filter>osd\include</Filter>
    </ClInclude>
    <ClInclude Include="..\osd\include\osd_bitmap.h">
      <Filter>osd\include</Filter>
    </ClInclude>
    <ClInclude Include="..\osd\include\osd_character.h">
      <Filter>osd\include</Filter>
    </ClInclude>
    <ClInclude Include="..\osd\include\osd_common.h">
      <Filter>osd\include</Filter>
    </ClInclude>
    <ClInclude Include="..\osd\include\osd_ingredient.h">
      <Filter>osd\include</Filter>
    </ClInclude>
    <ClInclude Include="..\osd\include\osd_line.h">
      <Filter>osd\include</Filter>
    </ClInclude>
    <ClInclude Include="..\osd\include\osd_palette.h">
      <Filter>osd\include</Filter>
    </ClInclude>
    <ClInclude Include="..\osd\include\osd_rectangle.h">
      <Filter>osd\include</Filter>
    </ClInclude>
    <ClInclude Include="..\osd\include\osd_scene.h">
      <Filter>osd\include</Filter>
    </ClInclude>
    <ClInclude Include="..\osd\include\osd_types.h">
      <Filter>osd\include</Filter>
    </ClInclude>
    <ClInclude Include="..\osd\include\osd_window.h">
      <Filter>osd\include</Filter>
    </ClInclude>
    <ClInclude Include="..\osd\include\tv_types.h">
      <Filter>osd\include</Filter>
    </ClInclude>
    <ClInclude Include="..\osd\include\osd_label.h">
      <Filter>osd\include</Filter>
    </ClInclude>
    <ClInclude Include="..\osd\include\osd_event.h">
      <Filter>osd\include</Filter>
    </ClInclude>
    <ClInclude Include="..\osd\include\osd_proc.h">
      <Filter>osd\include</Filter>
    </ClInclude>
    <ClInclude Include="..\..\scenes\tv.h">
      <Filter>proc</Filter>
    </ClInclude>
    <ClInclude Include="..\..\scenes\screensaver.h">
      <Filter>proc</Filter>
    </ClInclude>
  </ItemGroup>
  <ItemGroup>
    <ClCompile Include="stdafx.cpp">
      <Filter>源文件</Filter>
    </ClCompile>
    <ClCompile Include="OSDSimulator.cpp">
      <Filter>源文件</Filter>
    </ClCompile>
    <ClCompile Include="..\osd\src\osd_binary.c">
      <Filter>osd\src</Filter>
    </ClCompile>
    <ClCompile Include="..\osd\src\osd_bitmap.c">
      <Filter>osd\src</Filter>
    </ClCompile>
    <ClCompile Include="..\osd\src\osd_character.c">
      <Filter>osd\src</Filter>
    </ClCompile>
    <ClCompile Include="..\osd\src\osd_common.c">
      <Filter>osd\src</Filter>
    </ClCompile>
    <ClCompile Include="..\osd\src\osd_ingredient.c">
      <Filter>osd\src</Filter>
    </ClCompile>
    <ClCompile Include="..\osd\src\osd_line.c">
      <Filter>osd\src</Filter>
    </ClCompile>
    <ClCompile Include="..\osd\src\osd_rectangle.c">
      <Filter>osd\src</Filter>
    </ClCompile>
    <ClCompile Include="..\osd\src\osd_scene.c">
      <Filter>osd\src</Filter>
    </ClCompile>
    <ClCompile Include="..\osd\src\osd_window.c">
      <Filter>osd\src</Filter>
    </ClCompile>
    <ClCompile Include="..\osd\src\osd_palette.c">
      <Filter>osd\src</Filter>
    </ClCompile>
    <ClCompile Include="..\osd\src\osd_label.c">
      <Filter>osd\src</Filter>
    </ClCompile>
    <ClCompile Include="..\osd\proc\osd_proc_screensaver.c">
      <Filter>proc</Filter>
    </ClCompile>
    <ClCompile Include="..\osd\proc\osd_proc_tv.c">
      <Filter>proc</Filter>
    </ClCompile>
  </ItemGroup>
  <ItemGroup>
    <ResourceCompile Include="OSDSimulator.rc">
      <Filter>资源文件</Filter>
    </ResourceCompile>
  </ItemGroup>
</Project>