<?xml version="1.0" encoding="utf-8"?>
<Project ToolsVersion="4.0" xmlns="http://schemas.microsoft.com/developer/msbuild/2003">
  <ItemGroup>
    <Filter Include="Source Files">
      <UniqueIdentifier>{4FC737F1-C7A5-4376-A066-2A32D752A2FF}</UniqueIdentifier>
      <Extensions>cpp;c;cc;cxx;def;odl;idl;hpj;bat;asm;asmx</Extensions>
    </Filter>
    <Filter Include="Header Files">
      <UniqueIdentifier>{93995380-89BD-4b04-88EB-625FBE52EBFB}</UniqueIdentifier>
      <Extensions>h;hpp;hxx;hm;inl;inc;xsd</Extensions>
    </Filter>
    <Filter Include="Resource Files">
      <UniqueIdentifier>{67DA6AB6-F800-4c08-8B7A-83BB121AAD01}</UniqueIdentifier>
      <Extensions>rc;ico;cur;bmp;dlg;rc2;rct;bin;rgs;gif;jpg;jpeg;jpe;resx;tiff;tif;png;wav;mfcribbon-ms</Extensions>
    </Filter>
    <Filter Include="osd_proc">
      <UniqueIdentifier>{844fd757-b518-46dd-b3ad-e3acc23fc4b7}</UniqueIdentifier>
    </Filter>
    <Filter Include="atv_proc">
      <UniqueIdentifier>{5c74e39a-1744-4550-982b-ae54d2ccb69d}</UniqueIdentifier>
    </Filter>
    <Filter Include="tvapp">
      <UniqueIdentifier>{8d8c63e6-7e08-4107-b4d2-158970b13581}</UniqueIdentifier>
    </Filter>
  </ItemGroup>
  <ItemGroup>
    <None Include="small.ico">
      <Filter>Resource Files</Filter>
    </None>
    <None Include="tvapp.ico">
      <Filter>Resource Files</Filter>
    </None>
  </ItemGroup>
  <ItemGroup>
    <ClInclude Include="stdafx.h">
      <Filter>Header Files</Filter>
    </ClInclude>
    <ClInclude Include="targetver.h">
      <Filter>Header Files</Filter>
    </ClInclude>
    <ClInclude Include="Resource.h">
      <Filter>Header Files</Filter>
    </ClInclude>
    <ClInclude Include="..\..\atv\system_settings.h">
      <Filter>atv_proc</Filter>
    </ClInclude>
    <ClInclude Include="atv_proc\osd_proc_sysset.h">
      <Filter>atv_proc</Filter>
    </ClInclude>
    <ClInclude Include="..\..\atv\no_signal.h">
      <Filter>atv_proc</Filter>
    </ClInclude>
    <ClInclude Include="winmain.h">
      <Filter>Header Files</Filter>
    </ClInclude>
    <ClInclude Include="tv_app.h">
      <Filter>tvapp</Filter>
    </ClInclude>
  </ItemGroup>
  <ItemGroup>
    <ClCompile Include="stdafx.cpp">
      <Filter>Source Files</Filter>
    </ClCompile>
    <ClCompile Include="osd_proc\osd_proc_animation.c">
      <Filter>osd_proc</Filter>
    </ClCompile>
    <ClCompile Include="osd_proc\osd_proc_screensaver.c">
      <Filter>osd_proc</Filter>
    </ClCompile>
    <ClCompile Include="osd_proc\osd_proc_tv.c">
      <Filter>osd_proc</Filter>
    </ClCompile>
    <ClCompile Include="tfd_test.c">
      <Filter>Source Files</Filter>
    </ClCompile>
    <ClCompile Include="atv_proc\osd_proc_sysset.c">
      <Filter>atv_proc</Filter>
    </ClCompile>
    <ClCompile Include="atv_proc\osd_proc_sysset_left.c">
      <Filter>atv_proc</Filter>
    </ClCompile>
    <ClCompile Include="atv_proc\osd_proc_sysset_picture_mode.c">
      <Filter>atv_proc</Filter>
    </ClCompile>
    <ClCompile Include="atv_proc\osd_proc_no_signal.c">
      <Filter>atv_proc</Filter>
    </ClCompile>
    <ClCompile Include="winmain.cpp">
      <Filter>Source Files</Filter>
    </ClCompile>
    <ClCompile Include="tv_app.c">
      <Filter>tvapp</Filter>
    </ClCompile>
  </ItemGroup>
  <ItemGroup>
    <ResourceCompile Include="tvapp.rc">
      <Filter>Resource Files</Filter>
    </ResourceCompile>
  </ItemGroup>
</Project>