<?xml version="1.0" encoding="utf-8"?>
<Project ToolsVersion="4.0" xmlns="http://schemas.microsoft.com/developer/msbuild/2003">
  <ItemGroup>
    <Filter Include="Source Files">
      <UniqueIdentifier>{4FC737F1-C7A5-4376-A066-2A32D752A2FF}</UniqueIdentifier>
      <Extensions>cpp;c;cc;cxx;def;odl;idl;hpj;bat;asm;asmx</Extensions>
    </Filter>
    <Filter Include="Header Files">
      <UniqueIdentifier>{93995380-89BD-4b04-88EB-625FBE52EBFB}</UniqueIdentifier>
      <Extensions>h;hpp;hxx;hm;inl;inc;xsd</Extensions>
    </Filter>
  </ItemGroup>
  <ItemGroup>
    <ClCompile Include="src\osd_binary.c">
      <Filter>Source Files</Filter>
    </ClCompile>
    <ClCompile Include="src\osd_bitmap.c">
      <Filter>Source Files</Filter>
    </ClCompile>
    <ClCompile Include="src\osd_character.c">
      <Filter>Source Files</Filter>
    </ClCompile>
    <ClCompile Include="src\osd_common.c">
      <Filter>Source Files</Filter>
    </ClCompile>
    <ClCompile Include="src\osd_ingredient.c">
      <Filter>Source Files</Filter>
    </ClCompile>
    <ClCompile Include="src\osd_label.c">
      <Filter>Source Files</Filter>
    </ClCompile>
    <ClCompile Include="src\osd_line.c">
      <Filter>Source Files</Filter>
    </ClCompile>
    <ClCompile Include="src\osd_palette.c">
      <Filter>Source Files</Filter>
    </ClCompile>
    <ClCompile Include="src\osd_rectangle.c">
      <Filter>Source Files</Filter>
    </ClCompile>
    <ClCompile Include="src\osd_scene.c">
      <Filter>Source Files</Filter>
    </ClCompile>
    <ClCompile Include="src\osd_window.c">
      <Filter>Source Files</Filter>
    </ClCompile>
  </ItemGroup>
  <ItemGroup>
    <ClInclude Include="include\osd_binary.h">
      <Filter>Header Files</Filter>
    </ClInclude>
    <ClInclude Include="include\osd_bitmap.h">
      <Filter>Header Files</Filter>
    </ClInclude>
    <ClInclude Include="include\osd_character.h">
      <Filter>Header Files</Filter>
    </ClInclude>
    <ClInclude Include="include\osd_common.h">
      <Filter>Header Files</Filter>
    </ClInclude>
    <ClInclude Include="include\osd_event.h">
      <Filter>Header Files</Filter>
    </ClInclude>
    <ClInclude Include="include\osd_ingredient.h">
      <Filter>Header Files</Filter>
    </ClInclude>
    <ClInclude Include="include\osd_label.h">
      <Filter>Header Files</Filter>
    </ClInclude>
    <ClInclude Include="include\osd_line.h">
      <Filter>Header Files</Filter>
    </ClInclude>
    <ClInclude Include="include\osd_palette.h">
      <Filter>Header Files</Filter>
    </ClInclude>
    <ClInclude Include="include\osd_proc.h">
      <Filter>Header Files</Filter>
    </ClInclude>
    <ClInclude Include="include\osd_rectangle.h">
      <Filter>Header Files</Filter>
    </ClInclude>
    <ClInclude Include="include\osd_scene.h">
      <Filter>Header Files</Filter>
    </ClInclude>
    <ClInclude Include="include\osd_types.h">
      <Filter>Header Files</Filter>
    </ClInclude>
    <ClInclude Include="include\osd_window.h">
      <Filter>Header Files</Filter>
    </ClInclude>
  </ItemGroup>
</Project>